
Microsoft Visual Studio Solution File, Format Version 12.00
# Visual Studio Version 17
VisualStudioVersion = 17.9.34902.65
MinimumVisualStudioVersion = 10.0.40219.1
Project("{9A19103F-16F7-4668-BE54-9A1E7A4F7556}") = "ASPNETCoreWebAPI", "ASPNETCoreWebAPI\ASPNETCoreWebAPI.csproj", "{316DE594-7A53-4ADC-BEE3-AFC3FA7DA012}"
EndProject
Project("{2150E333-8FDC-42A3-9474-1A3956D46DE8}") = "Solution Items", "Solution Items", "{D2E93746-5944-43C6-931E-FA7A5E439CE4}"
	ProjectSection(SolutionItems) = preProject
		ER-database.png = ER-database.png
		README.md = README.md
	EndProjectSection
EndProject
Project("{E53339B2-1760-4266-BCC7-CA923CBCF16C}") = "docker-compose", "docker-compose.dcproj", "{A9E565E4-60C6-486A-9686-8799B5E83E3C}"
EndProject
Global
	GlobalSection(SolutionConfigurationPlatforms) = preSolution
		Debug|Any CPU = Debug|Any CPU
		Release|Any CPU = Release|Any CPU
	EndGlobalSection
	GlobalSection(ProjectConfigurationPlatforms) = postSolution
		{316DE594-7A53-4ADC-BEE3-AFC3FA7DA012}.Debug|Any CPU.ActiveCfg = Debug|Any CPU
		{316DE594-7A53-4ADC-BEE3-AFC3FA7DA012}.Debug|Any CPU.Build.0 = Debug|Any CPU
		{316DE594-7A53-4ADC-BEE3-AFC3FA7DA012}.Release|Any CPU.ActiveCfg = Release|Any CPU
		{316DE594-7A53-4ADC-BEE3-AFC3FA7DA012}.Release|Any CPU.Build.0 = Release|Any CPU
		{A9E565E4-60C6-486A-9686-8799B5E83E3C}.Debug|Any CPU.ActiveCfg = Debug|Any CPU
		{A9E565E4-60C6-486A-9686-8799B5E83E3C}.Debug|Any CPU.Build.0 = Debug|Any CPU
		{A9E565E4-60C6-486A-9686-8799B5E83E3C}.Release|Any CPU.ActiveCfg = Release|Any CPU
		{A9E565E4-60C6-486A-9686-8799B5E83E3C}.Release|Any CPU.Build.0 = Release|Any CPU
	EndGlobalSection
	GlobalSection(SolutionProperties) = preSolution
		HideSolutionNode = FALSE
	EndGlobalSection
	GlobalSection(ExtensibilityGlobals) = postSolution
		SolutionGuid = {25013BB0-DC80-4603-B3EC-2D06EAB46FE3}
	EndGlobalSection
EndGlobal
